{
  "name": "ethporto-hack-contracts",
  "lockfileVersion": 3,
  "requires": true,
  "packages": {
    "": {
      "dependencies": {
        "@0xintuition/contracts": "^2.2.2"
      }
    },
    "node_modules/@0xintuition/contracts": {
      "version": "2.2.2",
      "resolved": "https://registry.npmjs.org/@0xintuition/contracts/-/contracts-2.2.2.tgz",
      "integrity": "sha512-o2/0rSR3KHCrdd+ig5fpKa8TNLGTLtBb9rAVBNcXWA0OPzadcI++SzDScYyQ173ez2tP3tEyPCII9n+igmtrTg=="
    }
  }
}
